
Microsoft Visual Studio Solution File, Format Version 12.00
# Visual Studio Version 17
VisualStudioVersion = 17.0.31919.166
MinimumVisualStudioVersion = 10.0.40219.1
Project("{FAE04EC0-301F-11D3-BF4B-00C04F79EFBC}") = "Demo_FluentValidation_Console", "Demo_FluentValidation_Console\Demo_FluentValidation_Console.csproj", "{BDFD44CA-DCED-4364-9F62-F19F4964AF92}"
EndProject
Project("{FAE04EC0-301F-11D3-BF4B-00C04F79EFBC}") = "Entities", "Entities\Entities.csproj", "{FC9B78A1-9DD0-4D79-A12C-9DFCF0E539C0}"
EndProject
Project("{FAE04EC0-301F-11D3-BF4B-00C04F79EFBC}") = "Demo_FluentValidation_MVC", "Demo_FluentValidation_MVC\Demo_FluentValidation_MVC.csproj", "{D91BA946-0CB2-49DB-8463-109C304E8706}"
EndProject
Global
	GlobalSection(SolutionConfigurationPlatforms) = preSolution
		Debug|Any CPU = Debug|Any CPU
		Release|Any CPU = Release|Any CPU
	EndGlobalSection
	GlobalSection(ProjectConfigurationPlatforms) = postSolution
		{BDFD44CA-DCED-4364-9F62-F19F4964AF92}.Debug|Any CPU.ActiveCfg = Debug|Any CPU
		{BDFD44CA-DCED-4364-9F62-F19F4964AF92}.Debug|Any CPU.Build.0 = Debug|Any CPU
		{BDFD44CA-DCED-4364-9F62-F19F4964AF92}.Release|Any CPU.ActiveCfg = Release|Any CPU
		{BDFD44CA-DCED-4364-9F62-F19F4964AF92}.Release|Any CPU.Build.0 = Release|Any CPU
		{FC9B78A1-9DD0-4D79-A12C-9DFCF0E539C0}.Debug|Any CPU.ActiveCfg = Debug|Any CPU
		{FC9B78A1-9DD0-4D79-A12C-9DFCF0E539C0}.Debug|Any CPU.Build.0 = Debug|Any CPU
		{FC9B78A1-9DD0-4D79-A12C-9DFCF0E539C0}.Release|Any CPU.ActiveCfg = Release|Any CPU
		{FC9B78A1-9DD0-4D79-A12C-9DFCF0E539C0}.Release|Any CPU.Build.0 = Release|Any CPU
		{D91BA946-0CB2-49DB-8463-109C304E8706}.Debug|Any CPU.ActiveCfg = Debug|Any CPU
		{D91BA946-0CB2-49DB-8463-109C304E8706}.Debug|Any CPU.Build.0 = Debug|Any CPU
		{D91BA946-0CB2-49DB-8463-109C304E8706}.Release|Any CPU.ActiveCfg = Release|Any CPU
		{D91BA946-0CB2-49DB-8463-109C304E8706}.Release|Any CPU.Build.0 = Release|Any CPU
	EndGlobalSection
	GlobalSection(SolutionProperties) = preSolution
		HideSolutionNode = FALSE
	EndGlobalSection
	GlobalSection(ExtensibilityGlobals) = postSolution
		SolutionGuid = {619C33DE-9DBB-471C-BF52-085FCCBF947F}
	EndGlobalSection
EndGlobal
